// !$*UTF8*$!
{
	archiveVersion = 1;
	classes = {
	};
	objectVersion = 50;
	objects = {

/* Begin PBXBuildFile section */
		33698F2E24513F9C0077D60E /* AppDelegate.m in Sources */ = {isa = PBXBuildFile; fileRef = 33698F2D24513F9C0077D60E /* AppDelegate.m */; };
		33698F3124513F9C0077D60E /* SceneDelegate.m in Sources */ = {isa = PBXBuildFile; fileRef = 33698F3024513F9C0077D60E /* SceneDelegate.m */; };
		33698F3424513F9C0077D60E /* ViewController.m in Sources */ = {isa = PBXBuildFile; fileRef = 33698F3324513F9C0077D60E /* ViewController.m */; };
		33698F3724513F9C0077D60E /* Main.storyboard in Resources */ = {isa = PBXBuildFile; fileRef = 33698F3524513F9C0077D60E /* Main.storyboard */; };
		33698F3924513FA10077D60E /* Assets.xcassets in Resources */ = {isa = PBXBuildFile; fileRef = 33698F3824513FA10077D60E /* Assets.xcassets */; };
		33698F3C24513FA10077D60E /* LaunchScreen.storyboard in Resources */ = {isa = PBXBuildFile; fileRef = 33698F3A24513FA10077D60E /* LaunchScreen.storyboard */; };
		33698F3F24513FA10077D60E /* main.m in Sources */ = {isa = PBXBuildFile; fileRef = 33698F3E24513FA10077D60E /* main.m */; };
		336B33E72460335000557638 /* Cronometro.m in Sources */ = {isa = PBXBuildFile; fileRef = 336B33E62460335000557638 /* Cronometro.m */; };
		33D130DF2452005100A86BC0 /* tessdata in Resources */ = {isa = PBXBuildFile; fileRef = 33D130DE2452005100A86BC0 /* tessdata */; };
		33D44E0726054F050054C5AC /* TesseractOCR.framework in Frameworks */ = {isa = PBXBuildFile; fileRef = 33698F4624513FD90077D60E /* TesseractOCR.framework */; };
		33D44E0826054F050054C5AC /* TesseractOCR.framework in Embed Frameworks */ = {isa = PBXBuildFile; fileRef = 33698F4624513FD90077D60E /* TesseractOCR.framework */; settings = {ATTRIBUTES = (CodeSignOnCopy, RemoveHeadersOnCopy, ); }; };
/* End PBXBuildFile section */

/* Begin PBXCopyFilesBuildPhase section */
		33D44E0926054F050054C5AC /* Embed Frameworks */ = {
			isa = PBXCopyFilesBuildPhase;
			buildActionMask = 2147483647;
			dstPath = "";
			dstSubfolderSpec = 10;
			files = (
				33D44E0826054F050054C5AC /* TesseractOCR.framework in Embed Frameworks */,
			);
			name = "Embed Frameworks";
			runOnlyForDeploymentPostprocessing = 0;
		};
/* End PBXCopyFilesBuildPhase section */

/* Begin PBXFileReference section */
		33698F2924513F9C0077D60E /* BMOReconhecimentoDeTexto.app */ = {isa = PBXFileReference; explicitFileType = wrapper.application; includeInIndex = 0; path = BMOReconhecimentoDeTexto.app; sourceTree = BUILT_PRODUCTS_DIR; };
		33698F2C24513F9C0077D60E /* AppDelegate.h */ = {isa = PBXFileReference; lastKnownFileType = sourcecode.c.h; path = AppDelegate.h; sourceTree = "<group>"; };
		33698F2D24513F9C0077D60E /* AppDelegate.m */ = {isa = PBXFileReference; lastKnownFileType = sourcecode.c.objc; path = AppDelegate.m; sourceTree = "<group>"; };
		33698F2F24513F9C0077D60E /* SceneDelegate.h */ = {isa = PBXFileReference; lastKnownFileType = sourcecode.c.h; path = SceneDelegate.h; sourceTree = "<group>"; };
		33698F3024513F9C0077D60E /* SceneDelegate.m */ = {isa = PBXFileReference; lastKnownFileType = sourcecode.c.objc; path = SceneDelegate.m; sourceTree = "<group>"; };
		33698F3224513F9C0077D60E /* ViewController.h */ = {isa = PBXFileReference; lastKnownFileType = sourcecode.c.h; path = ViewController.h; sourceTree = "<group>"; };
		33698F3324513F9C0077D60E /* ViewController.m */ = {isa = PBXFileReference; lastKnownFileType = sourcecode.c.objc; path = ViewController.m; sourceTree = "<group>"; };
		33698F3624513F9C0077D60E /* Base */ = {isa = PBXFileReference; lastKnownFileType = file.storyboard; name = Base; path = Base.lproj/Main.storyboard; sourceTree = "<group>"; };
		33698F3824513FA10077D60E /* Assets.xcassets */ = {isa = PBXFileReference; lastKnownFileType = folder.assetcatalog; path = Assets.xcassets; sourceTree = "<group>"; };
		33698F3B24513FA10077D60E /* Base */ = {isa = PBXFileReference; lastKnownFileType = file.storyboard; name = Base; path = Base.lproj/LaunchScreen.storyboard; sourceTree = "<group>"; };
		33698F3D24513FA10077D60E /* Info.plist */ = {isa = PBXFileReference; lastKnownFileType = text.plist.xml; path = Info.plist; sourceTree = "<group>"; };
		33698F3E24513FA10077D60E /* main.m */ = {isa = PBXFileReference; lastKnownFileType = sourcecode.c.objc; path = main.m; sourceTree = "<group>"; };
		33698F4624513FD90077D60E /* TesseractOCR.framework */ = {isa = PBXFileReference; lastKnownFileType = wrapper.framework; path = TesseractOCR.framework; sourceTree = "<group>"; };
		336B33E52460331D00557638 /* Cronometro.h */ = {isa = PBXFileReference; lastKnownFileType = sourcecode.c.h; path = Cronometro.h; sourceTree = "<group>"; };
		336B33E62460335000557638 /* Cronometro.m */ = {isa = PBXFileReference; lastKnownFileType = sourcecode.c.objc; path = Cronometro.m; sourceTree = "<group>"; };
		33D130DE2452005100A86BC0 /* tessdata */ = {isa = PBXFileReference; lastKnownFileType = folder; path = tessdata; sourceTree = "<group>"; };
/* End PBXFileReference section */

/* Begin PBXFrameworksBuildPhase section */
		33698F2624513F9C0077D60E /* Frameworks */ = {
			isa = PBXFrameworksBuildPhase;
			buildActionMask = 2147483647;
			files = (
				33D44E0726054F050054C5AC /* TesseractOCR.framework in Frameworks */,
			);
			runOnlyForDeploymentPostprocessing = 0;
		};
/* End PBXFrameworksBuildPhase section */

/* Begin PBXGroup section */
		33698F2024513F9C0077D60E = {
			isa = PBXGroup;
			children = (
				33698F2B24513F9C0077D60E /* BMOReconhecimentoDeTexto */,
				33698F2A24513F9C0077D60E /* Products */,
			);
			sourceTree = "<group>";
		};
		33698F2A24513F9C0077D60E /* Products */ = {
			isa = PBXGroup;
			children = (
				33698F2924513F9C0077D60E /* BMOReconhecimentoDeTexto.app */,
			);
			name = Products;
			sourceTree = "<group>";
		};
		33698F2B24513F9C0077D60E /* BMOReconhecimentoDeTexto */ = {
			isa = PBXGroup;
			children = (
				33D130DE2452005100A86BC0 /* tessdata */,
				33698F4524513FB20077D60E /* Frameworks */,
				33698F2C24513F9C0077D60E /* AppDelegate.h */,
				33698F2D24513F9C0077D60E /* AppDelegate.m */,
				33698F2F24513F9C0077D60E /* SceneDelegate.h */,
				33698F3024513F9C0077D60E /* SceneDelegate.m */,
				33698F3224513F9C0077D60E /* ViewController.h */,
				33698F3324513F9C0077D60E /* ViewController.m */,
				33698F3524513F9C0077D60E /* Main.storyboard */,
				33698F3824513FA10077D60E /* Assets.xcassets */,
				33698F3A24513FA10077D60E /* LaunchScreen.storyboard */,
				33698F3D24513FA10077D60E /* Info.plist */,
				33698F3E24513FA10077D60E /* main.m */,
				336B33E52460331D00557638 /* Cronometro.h */,
				336B33E62460335000557638 /* Cronometro.m */,
			);
			path = BMOReconhecimentoDeTexto;
			sourceTree = "<group>";
		};
		33698F4524513FB20077D60E /* Frameworks */ = {
			isa = PBXGroup;
			children = (
				33698F4624513FD90077D60E /* TesseractOCR.framework */,
			);
			path = Frameworks;
			sourceTree = "<group>";
		};
/* End PBXGroup section */

/* Begin PBXNativeTarget section */
		33698F2824513F9C0077D60E /* BMOReconhecimentoDeTexto */ = {
			isa = PBXNativeTarget;
			buildConfigurationList = 33698F4224513FA10077D60E /* Build configuration list for PBXNativeTarget "BMOReconhecimentoDeTexto" */;
			buildPhases = (
				33698F2524513F9C0077D60E /* Sources */,
				33698F2624513F9C0077D60E /* Frameworks */,
				33698F2724513F9C0077D60E /* Resources */,
				33D44E0926054F050054C5AC /* Embed Frameworks */,
			);
			buildRules = (
			);
			dependencies = (
			);
			name = BMOReconhecimentoDeTexto;
			productName = BMOReconhecimentoDeTexto;
			productReference = 33698F2924513F9C0077D60E /* BMOReconhecimentoDeTexto.app */;
			productType = "com.apple.product-type.application";
		};
/* End PBXNativeTarget section */

/* Begin PBXProject section */
		33698F2124513F9C0077D60E /* Project object */ = {
			isa = PBXProject;
			attributes = {
				LastUpgradeCheck = 1140;
				ORGANIZATIONNAME = ProgramasBMO;
				TargetAttributes = {
					33698F2824513F9C0077D60E = {
						CreatedOnToolsVersion = 11.4.1;
					};
				};
			};
			buildConfigurationList = 33698F2424513F9C0077D60E /* Build configuration list for PBXProject "BMOReconhecimentoDeTexto" */;
			compatibilityVersion = "Xcode 9.3";
			developmentRegion = en;
			hasScannedForEncodings = 0;
			knownRegions = (
				en,
				Base,
			);
			mainGroup = 33698F2024513F9C0077D60E;
			productRefGroup = 33698F2A24513F9C0077D60E /* Products */;
			projectDirPath = "";
			projectRoot = "";
			targets = (
				33698F2824513F9C0077D60E /* BMOReconhecimentoDeTexto */,
			);
		};
/* End PBXProject section */

/* Begin PBXResourcesBuildPhase section */
		33698F2724513F9C0077D60E /* Resources */ = {
			isa = PBXResourcesBuildPhase;
			buildActionMask = 2147483647;
			files = (
				33698F3C24513FA10077D60E /* LaunchScreen.storyboard in Resources */,
				33D130DF2452005100A86BC0 /* tessdata in Resources */,
				33698F3924513FA10077D60E /* Assets.xcassets in Resources */,
				33698F3724513F9C0077D60E /* Main.storyboard in Resources */,
			);
			runOnlyForDeploymentPostprocessing = 0;
		};
/* End PBXResourcesBuildPhase section */

/* Begin PBXSourcesBuildPhase section */
		33698F2524513F9C0077D60E /* Sources */ = {
			isa = PBXSourcesBuildPhase;
			buildActionMask = 2147483647;
			files = (
				33698F3424513F9C0077D60E /* ViewController.m in Sources */,
				336B33E72460335000557638 /* Cronometro.m in Sources */,
				33698F2E24513F9C0077D60E /* AppDelegate.m in Sources */,
				33698F3F24513FA10077D60E /* main.m in Sources */,
				33698F3124513F9C0077D60E /* SceneDelegate.m in Sources */,
			);
			runOnlyForDeploymentPostprocessing = 0;
		};
/* End PBXSourcesBuildPhase section */

/* Begin PBXVariantGroup section */
		33698F3524513F9C0077D60E /* Main.storyboard */ = {
			isa = PBXVariantGroup;
			children = (
				33698F3624513F9C0077D60E /* Base */,
			);
			name = Main.storyboard;
			sourceTree = "<group>";
		};
		33698F3A24513FA10077D60E /* LaunchScreen.storyboard */ = {
			isa = PBXVariantGroup;
			children = (
				33698F3B24513FA10077D60E /* Base */,
			);
			name = LaunchScreen.storyboard;
			sourceTree = "<group>";
		};
/* End PBXVariantGroup section */

/* Begin XCBuildConfiguration section */
		33698F4024513FA10077D60E /* Debug */ = {
			isa = XCBuildConfiguration;
			buildSettings = {
				ALWAYS_SEARCH_USER_PATHS = NO;
				CLANG_ANALYZER_NONNULL = YES;
				CLANG_ANALYZER_NUMBER_OBJECT_CONVERSION = YES_AGGRESSIVE;
				CLANG_CXX_LANGUAGE_STANDARD = "gnu++14";
				CLANG_CXX_LIBRARY = "libc++";
				CLANG_ENABLE_MODULES = YES;
				CLANG_ENABLE_OBJC_ARC = YES;
				CLANG_ENABLE_OBJC_WEAK = YES;
				CLANG_WARN_BLOCK_CAPTURE_AUTORELEASING = YES;
				CLANG_WARN_BOOL_CONVERSION = YES;
				CLANG_WARN_COMMA = YES;
				CLANG_WARN_CONSTANT_CONVERSION = YES;
				CLANG_WARN_DEPRECATED_OBJC_IMPLEMENTATIONS = YES;
				CLANG_WARN_DIRECT_OBJC_ISA_USAGE = YES_ERROR;
				CLANG_WARN_DOCUMENTATION_COMMENTS = YES;
				CLANG_WARN_EMPTY_BODY = YES;
				CLANG_WARN_ENUM_CONVERSION = YES;
				CLANG_WARN_INFINITE_RECURSION = YES;
				CLANG_WARN_INT_CONVERSION = YES;
				CLANG_WARN_NON_LITERAL_NULL_CONVERSION = YES;
				CLANG_WARN_OBJC_IMPLICIT_RETAIN_SELF = YES;
				CLANG_WARN_OBJC_LITERAL_CONVERSION = YES;
				CLANG_WARN_OBJC_ROOT_CLASS = YES_ERROR;
				CLANG_WARN_RANGE_LOOP_ANALYSIS = YES;
				CLANG_WARN_STRICT_PROTOTYPES = YES;
				CLANG_WARN_SUSPICIOUS_MOVE = YES;
				CLANG_WARN_UNGUARDED_AVAILABILITY = YES_AGGRESSIVE;
				CLANG_WARN_UNREACHABLE_CODE = YES;
				CLANG_WARN__DUPLICATE_METHOD_MATCH = YES;
				COPY_PHASE_STRIP = NO;
				DEBUG_INFORMATION_FORMAT = dwarf;
				ENABLE_BITCODE = NO;
				ENABLE_STRICT_OBJC_MSGSEND = YES;
				ENABLE_TESTABILITY = YES;
				GCC_C_LANGUAGE_STANDARD = gnu11;
				GCC_DYNAMIC_NO_PIC = NO;
				GCC_NO_COMMON_BLOCKS = YES;
				GCC_OPTIMIZATION_LEVEL = 0;
				GCC_PREPROCESSOR_DEFINITIONS = (
					"DEBUG=1",
					"$(inherited)",
				);
				GCC_WARN_64_TO_32_BIT_CONVERSION = YES;
				GCC_WARN_ABOUT_RETURN_TYPE = YES_ERROR;
				GCC_WARN_UNDECLARED_SELECTOR = YES;
				GCC_WARN_UNINITIALIZED_AUTOS = YES_AGGRESSIVE;
				GCC_WARN_UNUSED_FUNCTION = YES;
				GCC_WARN_UNUSED_VARIABLE = YES;
				IPHONEOS_DEPLOYMENT_TARGET = 13.4;
				MTL_ENABLE_DEBUG_INFO = INCLUDE_SOURCE;
				MTL_FAST_MATH = YES;
				ONLY_ACTIVE_ARCH = YES;
				SDKROOT = iphoneos;
			};
			name = Debug;
		};
		33698F4124513FA10077D60E /* Release */ = {
			isa = XCBuildConfiguration;
			buildSettings = {
				ALWAYS_SEARCH_USER_PATHS = NO;
				CLANG_ANALYZER_NONNULL = YES;
				CLANG_ANALYZER_NUMBER_OBJECT_CONVERSION = YES_AGGRESSIVE;
				CLANG_CXX_LANGUAGE_STANDARD = "gnu++14";
				CLANG_CXX_LIBRARY = "libc++";
				CLANG_ENABLE_MODULES = YES;
				CLANG_ENABLE_OBJC_ARC = YES;
				CLANG_ENABLE_OBJC_WEAK = YES;
				CLANG_WARN_BLOCK_CAPTURE_AUTORELEASING = YES;
				CLANG_WARN_BOOL_CONVERSION = YES;
				CLANG_WARN_COMMA = YES;
				CLANG_WARN_CONSTANT_CONVERSION = YES;
				CLANG_WARN_DEPRECATED_OBJC_IMPLEMENTATIONS = YES;
				CLANG_WARN_DIRECT_OBJC_ISA_USAGE = YES_ERROR;
				CLANG_WARN_DOCUMENTATION_COMMENTS = YES;
				CLANG_WARN_EMPTY_BODY = YES;
				CLANG_WARN_ENUM_CONVERSION = YES;
				CLANG_WARN_INFINITE_RECURSION = YES;
				CLANG_WARN_INT_CONVERSION = YES;
				CLANG_WARN_NON_LITERAL_NULL_CONVERSION = YES;
				CLANG_WARN_OBJC_IMPLICIT_RETAIN_SELF = YES;
				CLANG_WARN_OBJC_LITERAL_CONVERSION = YES;
				CLANG_WARN_OBJC_ROOT_CLASS = YES_ERROR;
				CLANG_WARN_RANGE_LOOP_ANALYSIS = YES;
				CLANG_WARN_STRICT_PROTOTYPES = YES;
				CLANG_WARN_SUSPICIOUS_MOVE = YES;
				CLANG_WARN_UNGUARDED_AVAILABILITY = YES_AGGRESSIVE;
				CLANG_WARN_UNREACHABLE_CODE = YES;
				CLANG_WARN__DUPLICATE_METHOD_MATCH = YES;
				COPY_PHASE_STRIP = NO;
				DEBUG_INFORMATION_FORMAT = "dwarf-with-dsym";
				ENABLE_BITCODE = NO;
				ENABLE_NS_ASSERTIONS = NO;
				ENABLE_STRICT_OBJC_MSGSEND = YES;
				GCC_C_LANGUAGE_STANDARD = gnu11;
				GCC_NO_COMMON_BLOCKS = YES;
				GCC_WARN_64_TO_32_BIT_CONVERSION = YES;
				GCC_WARN_ABOUT_RETURN_TYPE = YES_ERROR;
				GCC_WARN_UNDECLARED_SELECTOR = YES;
				GCC_WARN_UNINITIALIZED_AUTOS = YES_AGGRESSIVE;
				GCC_WARN_UNUSED_FUNCTION = YES;
				GCC_WARN_UNUSED_VARIABLE = YES;
				IPHONEOS_DEPLOYMENT_TARGET = 13.4;
				MTL_ENABLE_DEBUG_INFO = NO;
				MTL_FAST_MATH = YES;
				SDKROOT = iphoneos;
				VALIDATE_PRODUCT = YES;
			};
			name = Release;
		};
		33698F4324513FA10077D60E /* Debug */ = {
			isa = XCBuildConfiguration;
			buildSettings = {
				ASSETCATALOG_COMPILER_APPICON_NAME = AppIcon;
				CODE_SIGN_STYLE = Automatic;
				DEVELOPMENT_TEAM = L5RH7482C6;
				ENABLE_BITCODE = NO;
				FRAMEWORK_SEARCH_PATHS = (
					"$(inherited)",
					"$(PROJECT_DIR)/BMOReconhecimentoDeTexto/Frameworks",
				);
				INFOPLIST_FILE = BMOReconhecimentoDeTexto/Info.plist;
				IPHONEOS_DEPLOYMENT_TARGET = 9.3;
				LD_RUNPATH_SEARCH_PATHS = (
					"$(inherited)",
					"@executable_path/Frameworks",
				);
				LIBRARY_SEARCH_PATHS = "$(PROJECT_DIR)/BMOReconhecimentoDeTexto/tessdata/";
				PRODUCT_BUNDLE_IDENTIFIER = com.ProgramasBMO.BMOReconhecimentoDeTexto;
				PRODUCT_NAME = "$(TARGET_NAME)";
				TARGETED_DEVICE_FAMILY = "1,2";
			};
			name = Debug;
		};
		33698F4424513FA10077D60E /* Release */ = {
			isa = XCBuildConfiguration;
			buildSettings = {
				ASSETCATALOG_COMPILER_APPICON_NAME = AppIcon;
				CODE_SIGN_STYLE = Automatic;
				DEVELOPMENT_TEAM = L5RH7482C6;
				ENABLE_BITCODE = NO;
				FRAMEWORK_SEARCH_PATHS = (
					"$(inherited)",
					"$(PROJECT_DIR)/BMOReconhecimentoDeTexto/Frameworks",
				);
				INFOPLIST_FILE = BMOReconhecimentoDeTexto/Info.plist;
				IPHONEOS_DEPLOYMENT_TARGET = 9.3;
				LD_RUNPATH_SEARCH_PATHS = (
					"$(inherited)",
					"@executable_path/Frameworks",
				);
				LIBRARY_SEARCH_PATHS = "$(PROJECT_DIR)/BMOReconhecimentoDeTexto/tessdata/";
				PRODUCT_BUNDLE_IDENTIFIER = com.ProgramasBMO.BMOReconhecimentoDeTexto;
				PRODUCT_NAME = "$(TARGET_NAME)";
				TARGETED_DEVICE_FAMILY = "1,2";
			};
			name = Release;
		};
/* End XCBuildConfiguration section */

/* Begin XCConfigurationList section */
		33698F2424513F9C0077D60E /* Build configuration list for PBXProject "BMOReconhecimentoDeTexto" */ = {
			isa = XCConfigurationList;
			buildConfigurations = (
				33698F4024513FA10077D60E /* Debug */,
				33698F4124513FA10077D60E /* Release */,
			);
			defaultConfigurationIsVisible = 0;
			defaultConfigurationName = Release;
		};
		33698F4224513FA10077D60E /* Build configuration list for PBXNativeTarget "BMOReconhecimentoDeTexto" */ = {
			isa = XCConfigurationList;
			buildConfigurations = (
				33698F4324513FA10077D60E /* Debug */,
				33698F4424513FA10077D60E /* Release */,
			);
			defaultConfigurationIsVisible = 0;
			defaultConfigurationName = Release;
		};
/* End XCConfigurationList section */
	};
	rootObject = 33698F2124513F9C0077D60E /* Project object */;
}
